
Microsoft Visual Studio Solution File, Format Version 12.00
# Visual Studio Version 16
VisualStudioVersion = 16.0.33423.256
MinimumVisualStudioVersion = 10.0.40219.1
Project("{E24C65DC-7377-472B-9ABA-BC803B73C61A}") = "SBOMReport", ".", "{96F80066-B71E-488E-92DA-340E66BD9A02}"
	ProjectSection(WebsiteProperties) = preProject
		TargetFrameworkMoniker = ".NETFramework,Version%3Dv4.8"
		Debug.AspNetCompiler.VirtualPath = "/localhost_4368"
		Debug.AspNetCompiler.PhysicalPath = "..\SBOMReport\"
		Debug.AspNetCompiler.TargetPath = "PrecompiledWeb\localhost_4368\"
		Debug.AspNetCompiler.Updateable = "true"
		Debug.AspNetCompiler.ForceOverwrite = "true"
		Debug.AspNetCompiler.FixedNames = "false"
		Debug.AspNetCompiler.Debug = "True"
		Release.AspNetCompiler.VirtualPath = "/localhost_4368"
		Release.AspNetCompiler.PhysicalPath = "..\SBOMReport\"
		Release.AspNetCompiler.TargetPath = "PrecompiledWeb\localhost_4368\"
		Release.AspNetCompiler.Updateable = "true"
		Release.AspNetCompiler.ForceOverwrite = "true"
		Release.AspNetCompiler.FixedNames = "false"
		Release.AspNetCompiler.Debug = "False"
		VWDPort = "4368"
		SlnRelativePath = "..\SBOMReport\"
		DefaultWebSiteLanguage = "Visual C#"
	EndProjectSection
EndProject
Global
	GlobalSection(SolutionConfigurationPlatforms) = preSolution
		Debug|Any CPU = Debug|Any CPU
	EndGlobalSection
	GlobalSection(ProjectConfigurationPlatforms) = postSolution
		{96F80066-B71E-488E-92DA-340E66BD9A02}.Debug|Any CPU.ActiveCfg = Debug|Any CPU
		{96F80066-B71E-488E-92DA-340E66BD9A02}.Debug|Any CPU.Build.0 = Debug|Any CPU
	EndGlobalSection
	GlobalSection(SolutionProperties) = preSolution
		HideSolutionNode = FALSE
	EndGlobalSection
	GlobalSection(ExtensibilityGlobals) = postSolution
		SolutionGuid = {CB2680C6-C6C8-47A5-9579-97593BD7EC45}
	EndGlobalSection
EndGlobal
